# @generated by Move, please check-in and do not edit manually.

[move]
version = 3
manifest_digest = "1BC94ACAC5BF98647AA9AB5E04597550AA166D1F5CE28FA1C79DB8BFF3FEA15B"
deps_digest = "F8BBB0CCB2491CA29A3DF03D6F92277A4F3574266507ACD77214D37ECA3F3082"
dependencies = [
  { id = "Sui", name = "Sui" },
]

[[move.package]]
id = "MoveStdlib"
source = { git = "https://github.com/MystenLabs/sui.git", rev = "framework/testnet", subdir = "crates/sui-framework/packages/move-stdlib" }

[[move.package]]
id = "Sui"
source = { git = "https://github.com/MystenLabs/sui.git", rev = "framework/testnet", subdir = "crates/sui-framework/packages/sui-framework" }

dependencies = [
  { id = "MoveStdlib", name = "MoveStdlib" },
]

[move.toolchain-version]
compiler-version = "1.58.2"
edition = "2024.beta"
flavor = "sui"

[env]

[env.devnet]
chain-id = "9ada86bf"
original-published-id = "0x76acd4203905e2d03fad8ca5901372df6380d51a91aa1c8e190a3bf306cb0d9c"
latest-published-id = "0x76acd4203905e2d03fad8ca5901372df6380d51a91aa1c8e190a3bf306cb0d9c"
published-version = "1"

[env.testnet]
chain-id = "4c78adac"
original-published-id = "0x7634cdd3e628a9bf3c42ddbc4282649ed30cdc06d6e17e28df09729ecb6ea1fb"
latest-published-id = "0x7634cdd3e628a9bf3c42ddbc4282649ed30cdc06d6e17e28df09729ecb6ea1fb"
published-version = "1"
